
Microsoft Visual Studio Solution File, Format Version 12.00
# Visual Studio Version 17
VisualStudioVersion = 17.9.34701.34
MinimumVisualStudioVersion = 10.0.40219.1
Project("{FAE04EC0-301F-11D3-BF4B-00C04F79EFBC}") = "MethodsPractice2.0", "MethodsPractice2.0\MethodsPractice2.0.csproj", "{81A30B0D-9334-4C8F-8CF0-53627CA6A3A6}"
EndProject
Global
	GlobalSection(SolutionConfigurationPlatforms) = preSolution
		Debug|Any CPU = Debug|Any CPU
		Release|Any CPU = Release|Any CPU
	EndGlobalSection
	GlobalSection(ProjectConfigurationPlatforms) = postSolution
		{81A30B0D-9334-4C8F-8CF0-53627CA6A3A6}.Debug|Any CPU.ActiveCfg = Debug|Any CPU
		{81A30B0D-9334-4C8F-8CF0-53627CA6A3A6}.Debug|Any CPU.Build.0 = Debug|Any CPU
		{81A30B0D-9334-4C8F-8CF0-53627CA6A3A6}.Release|Any CPU.ActiveCfg = Release|Any CPU
		{81A30B0D-9334-4C8F-8CF0-53627CA6A3A6}.Release|Any CPU.Build.0 = Release|Any CPU
	EndGlobalSection
	GlobalSection(SolutionProperties) = preSolution
		HideSolutionNode = FALSE
	EndGlobalSection
	GlobalSection(ExtensibilityGlobals) = postSolution
		SolutionGuid = {C8F3E299-D226-4C1F-87D9-F44A1115065D}
	EndGlobalSection
EndGlobal
